
Microsoft Visual Studio Solution File, Format Version 12.00
# Visual Studio Version 16
VisualStudioVersion = 16.0.29209.62
MinimumVisualStudioVersion = 10.0.40219.1
Project("{9A19103F-16F7-4668-BE54-9A1E7A4F7556}") = "Sniffer.Shop", "Sniffer.Shop\Sniffer.Shop.csproj", "{A28B78FE-60A6-4C5F-9382-0185F3D56D7C}"
EndProject
Project("{9A19103F-16F7-4668-BE54-9A1E7A4F7556}") = "Sniffer.Tasks", "Sniffer.Tasks\Sniffer.Tasks.csproj", "{6BA44D2C-CEA1-45D3-8BA8-1A0500126571}"
EndProject
Project("{9A19103F-16F7-4668-BE54-9A1E7A4F7556}") = "Sniffer.Core", "Sniffer.Core\Sniffer.Core.csproj", "{B9481EA0-6BC1-4A43-AB3D-3C679FDA7281}"
EndProject
Global
	GlobalSection(SolutionConfigurationPlatforms) = preSolution
		Debug|Any CPU = Debug|Any CPU
		Release|Any CPU = Release|Any CPU
	EndGlobalSection
	GlobalSection(ProjectConfigurationPlatforms) = postSolution
		{A28B78FE-60A6-4C5F-9382-0185F3D56D7C}.Debug|Any CPU.ActiveCfg = Debug|Any CPU
		{A28B78FE-60A6-4C5F-9382-0185F3D56D7C}.Debug|Any CPU.Build.0 = Debug|Any CPU
		{A28B78FE-60A6-4C5F-9382-0185F3D56D7C}.Release|Any CPU.ActiveCfg = Release|Any CPU
		{A28B78FE-60A6-4C5F-9382-0185F3D56D7C}.Release|Any CPU.Build.0 = Release|Any CPU
		{6BA44D2C-CEA1-45D3-8BA8-1A0500126571}.Debug|Any CPU.ActiveCfg = Debug|Any CPU
		{6BA44D2C-CEA1-45D3-8BA8-1A0500126571}.Debug|Any CPU.Build.0 = Debug|Any CPU
		{6BA44D2C-CEA1-45D3-8BA8-1A0500126571}.Release|Any CPU.ActiveCfg = Release|Any CPU
		{6BA44D2C-CEA1-45D3-8BA8-1A0500126571}.Release|Any CPU.Build.0 = Release|Any CPU
		{B9481EA0-6BC1-4A43-AB3D-3C679FDA7281}.Debug|Any CPU.ActiveCfg = Debug|Any CPU
		{B9481EA0-6BC1-4A43-AB3D-3C679FDA7281}.Debug|Any CPU.Build.0 = Debug|Any CPU
		{B9481EA0-6BC1-4A43-AB3D-3C679FDA7281}.Release|Any CPU.ActiveCfg = Release|Any CPU
		{B9481EA0-6BC1-4A43-AB3D-3C679FDA7281}.Release|Any CPU.Build.0 = Release|Any CPU
	EndGlobalSection
	GlobalSection(SolutionProperties) = preSolution
		HideSolutionNode = FALSE
	EndGlobalSection
	GlobalSection(ExtensibilityGlobals) = postSolution
		SolutionGuid = {FC2696EE-C727-4A53-8518-33AFC83CFA36}
	EndGlobalSection
EndGlobal
